{
    "_readme": [
        "This file locks the dependencies of your project to a known state",
        "Read more about it at http://getcomposer.org/doc/01-basic-usage.md#composer-lock-the-lock-file",
        "This file is @generated automatically"
    ],
    "hash": "613a71cfeff1235ff1378c3571ccc9b2",
    "packages": [
        {
            "name": "sculpin/bootstrap-3-blog-theme",
            "version": "dev-master",
            "source": {
                "type": "git",
                "url": "https://github.com/sculpin/bootstrap-3-blog-theme.git",
                "reference": "63d2c12172bfabe0d3231c87d1339698551ab0f2"
            },
            "dist": {
                "type": "zip",
                "url": "https://api.github.com/repos/sculpin/bootstrap-3-blog-theme/zipball/63d2c12172bfabe0d3231c87d1339698551ab0f2",
                "reference": "63d2c12172bfabe0d3231c87d1339698551ab0f2",
                "shasum": ""
            },
            "type": "sculpin-theme",
            "description": "A Bootstrap 3 Blog Theme for Sculpin",
            "support": {
                "source": "https://github.com/sculpin/bootstrap-3-blog-theme/tree/master",
                "issues": "https://github.com/sculpin/bootstrap-3-blog-theme/issues"
            },
            "time": "2014-01-16 06:29:42"
        }
    ],
    "packages-dev": [],
    "aliases": [],
    "minimum-stability": "stable",
    "stability-flags": {
        "sculpin/bootstrap-3-blog-theme": 20
    },
    "prefer-stable": false,
    "prefer-lowest": false,
    "platform": [],
    "platform-dev": []
}
